
Microsoft Visual Studio Solution File, Format Version 12.00
# Visual Studio 15
VisualStudioVersion = 15.0.26730.16
MinimumVisualStudioVersion = 10.0.40219.1
Project("{FAE04EC0-301F-11D3-BF4B-00C04F79EFBC}") = "MetronomeAmplified.Android", "MetronomeAmplified\MetronomeAmplified.Android\MetronomeAmplified.Android.csproj", "{8B9222F9-3E19-42B1-8D61-E7D8ABD0BED6}"
EndProject
Project("{FAE04EC0-301F-11D3-BF4B-00C04F79EFBC}") = "MetronomeAmplified", "MetronomeAmplified\MetronomeAmplified\MetronomeAmplified.csproj", "{96759944-5EB2-47A6-9BFC-F91A7CF3AEC1}"
EndProject
Project("{FAE04EC0-301F-11D3-BF4B-00C04F79EFBC}") = "MetronomeAmplified.UWP", "MetronomeAmplified\MetronomeAmplified.UWP\MetronomeAmplified.UWP.csproj", "{36F56097-455C-402F-B98C-122FAC46C862}"
EndProject
Project("{FAE04EC0-301F-11D3-BF4B-00C04F79EFBC}") = "MetronomeAmplified.iOS", "MetronomeAmplified\MetronomeAmplified.iOS\MetronomeAmplified.iOS.csproj", "{4AA33BF7-B626-4975-99E2-412CC489A9BA}"
EndProject
Global
	GlobalSection(SolutionConfigurationPlatforms) = preSolution
		Ad-Hoc|Any CPU = Ad-Hoc|Any CPU
		Ad-Hoc|ARM = Ad-Hoc|ARM
		Ad-Hoc|iPhone = Ad-Hoc|iPhone
		Ad-Hoc|iPhoneSimulator = Ad-Hoc|iPhoneSimulator
		Ad-Hoc|x64 = Ad-Hoc|x64
		Ad-Hoc|x86 = Ad-Hoc|x86
		AppStore|Any CPU = AppStore|Any CPU
		AppStore|ARM = AppStore|ARM
		AppStore|iPhone = AppStore|iPhone
		AppStore|iPhoneSimulator = AppStore|iPhoneSimulator
		AppStore|x64 = AppStore|x64
		AppStore|x86 = AppStore|x86
		Debug|Any CPU = Debug|Any CPU
		Debug|ARM = Debug|ARM
		Debug|iPhone = Debug|iPhone
		Debug|iPhoneSimulator = Debug|iPhoneSimulator
		Debug|x64 = Debug|x64
		Debug|x86 = Debug|x86
		Release|Any CPU = Release|Any CPU
		Release|ARM = Release|ARM
		Release|iPhone = Release|iPhone
		Release|iPhoneSimulator = Release|iPhoneSimulator
		Release|x64 = Release|x64
		Release|x86 = Release|x86
	EndGlobalSection
	GlobalSection(ProjectConfigurationPlatforms) = postSolution
		{8B9222F9-3E19-42B1-8D61-E7D8ABD0BED6}.Ad-Hoc|Any CPU.ActiveCfg = Release|Any CPU
		{8B9222F9-3E19-42B1-8D61-E7D8ABD0BED6}.Ad-Hoc|Any CPU.Build.0 = Release|Any CPU
		{8B9222F9-3E19-42B1-8D61-E7D8ABD0BED6}.Ad-Hoc|Any CPU.Deploy.0 = Release|Any CPU
		{8B9222F9-3E19-42B1-8D61-E7D8ABD0BED6}.Ad-Hoc|ARM.ActiveCfg = Release|Any CPU
		{8B9222F9-3E19-42B1-8D61-E7D8ABD0BED6}.Ad-Hoc|ARM.Build.0 = Release|Any CPU
		{8B9222F9-3E19-42B1-8D61-E7D8ABD0BED6}.Ad-Hoc|ARM.Deploy.0 = Release|Any CPU
		{8B9222F9-3E19-42B1-8D61-E7D8ABD0BED6}.Ad-Hoc|iPhone.ActiveCfg = Release|Any CPU
		{8B9222F9-3E19-42B1-8D61-E7D8ABD0BED6}.Ad-Hoc|iPhone.Build.0 = Release|Any CPU
		{8B9222F9-3E19-42B1-8D61-E7D8ABD0BED6}.Ad-Hoc|iPhone.Deploy.0 = Release|Any CPU
		{8B9222F9-3E19-42B1-8D61-E7D8ABD0BED6}.Ad-Hoc|iPhoneSimulator.ActiveCfg = Release|Any CPU
		{8B9222F9-3E19-42B1-8D61-E7D8ABD0BED6}.Ad-Hoc|iPhoneSimulator.Build.0 = Release|Any CPU
		{8B9222F9-3E19-42B1-8D61-E7D8ABD0BED6}.Ad-Hoc|iPhoneSimulator.Deploy.0 = Release|Any CPU
		{8B9222F9-3E19-42B1-8D61-E7D8ABD0BED6}.Ad-Hoc|x64.ActiveCfg = Release|Any CPU
		{8B9222F9-3E19-42B1-8D61-E7D8ABD0BED6}.Ad-Hoc|x64.Build.0 = Release|Any CPU
		{8B9222F9-3E19-42B1-8D61-E7D8ABD0BED6}.Ad-Hoc|x64.Deploy.0 = Release|Any CPU
		{8B9222F9-3E19-42B1-8D61-E7D8ABD0BED6}.Ad-Hoc|x86.ActiveCfg = Release|Any CPU
		{8B9222F9-3E19-42B1-8D61-E7D8ABD0BED6}.Ad-Hoc|x86.Build.0 = Release|Any CPU
		{8B9222F9-3E19-42B1-8D61-E7D8ABD0BED6}.Ad-Hoc|x86.Deploy.0 = Release|Any CPU
		{8B9222F9-3E19-42B1-8D61-E7D8ABD0BED6}.AppStore|Any CPU.ActiveCfg = Release|Any CPU
		{8B9222F9-3E19-42B1-8D61-E7D8ABD0BED6}.AppStore|Any CPU.Build.0 = Release|Any CPU
		{8B9222F9-3E19-42B1-8D61-E7D8ABD0BED6}.AppStore|Any CPU.Deploy.0 = Release|Any CPU
		{8B9222F9-3E19-42B1-8D61-E7D8ABD0BED6}.AppStore|ARM.ActiveCfg = Release|Any CPU
		{8B9222F9-3E19-42B1-8D61-E7D8ABD0BED6}.AppStore|ARM.Build.0 = Release|Any CPU
		{8B9222F9-3E19-42B1-8D61-E7D8ABD0BED6}.AppStore|ARM.Deploy.0 = Release|Any CPU
		{8B9222F9-3E19-42B1-8D61-E7D8ABD0BED6}.AppStore|iPhone.ActiveCfg = Release|Any CPU
		{8B9222F9-3E19-42B1-8D61-E7D8ABD0BED6}.AppStore|iPhone.Build.0 = Release|Any CPU
		{8B9222F9-3E19-42B1-8D61-E7D8ABD0BED6}.AppStore|iPhone.Deploy.0 = Release|Any CPU
		{8B9222F9-3E19-42B1-8D61-E7D8ABD0BED6}.AppStore|iPhoneSimulator.ActiveCfg = Release|Any CPU
		{8B9222F9-3E19-42B1-8D61-E7D8ABD0BED6}.AppStore|iPhoneSimulator.Build.0 = Release|Any CPU
		{8B9222F9-3E19-42B1-8D61-E7D8ABD0BED6}.AppStore|iPhoneSimulator.Deploy.0 = Release|Any CPU
		{8B9222F9-3E19-42B1-8D61-E7D8ABD0BED6}.AppStore|x64.ActiveCfg = Release|Any CPU
		{8B9222F9-3E19-42B1-8D61-E7D8ABD0BED6}.AppStore|x64.Build.0 = Release|Any CPU
		{8B9222F9-3E19-42B1-8D61-E7D8ABD0BED6}.AppStore|x64.Deploy.0 = Release|Any CPU
		{8B9222F9-3E19-42B1-8D61-E7D8ABD0BED6}.AppStore|x86.ActiveCfg = Release|Any CPU
		{8B9222F9-3E19-42B1-8D61-E7D8ABD0BED6}.AppStore|x86.Build.0 = Release|Any CPU
		{8B9222F9-3E19-42B1-8D61-E7D8ABD0BED6}.AppStore|x86.Deploy.0 = Release|Any CPU
		{8B9222F9-3E19-42B1-8D61-E7D8ABD0BED6}.Debug|Any CPU.ActiveCfg = Debug|Any CPU
		{8B9222F9-3E19-42B1-8D61-E7D8ABD0BED6}.Debug|Any CPU.Build.0 = Debug|Any CPU
		{8B9222F9-3E19-42B1-8D61-E7D8ABD0BED6}.Debug|Any CPU.Deploy.0 = Debug|Any CPU
		{8B9222F9-3E19-42B1-8D61-E7D8ABD0BED6}.Debug|ARM.ActiveCfg = Debug|Any CPU
		{8B9222F9-3E19-42B1-8D61-E7D8ABD0BED6}.Debug|ARM.Build.0 = Debug|Any CPU
		{8B9222F9-3E19-42B1-8D61-E7D8ABD0BED6}.Debug|ARM.Deploy.0 = Debug|Any CPU
		{8B9222F9-3E19-42B1-8D61-E7D8ABD0BED6}.Debug|iPhone.ActiveCfg = Debug|Any CPU
		{8B9222F9-3E19-42B1-8D61-E7D8ABD0BED6}.Debug|iPhone.Build.0 = Debug|Any CPU
		{8B9222F9-3E19-42B1-8D61-E7D8ABD0BED6}.Debug|iPhone.Deploy.0 = Debug|Any CPU
		{8B9222F9-3E19-42B1-8D61-E7D8ABD0BED6}.Debug|iPhoneSimulator.ActiveCfg = Debug|Any CPU
		{8B9222F9-3E19-42B1-8D61-E7D8ABD0BED6}.Debug|iPhoneSimulator.Build.0 = Debug|Any CPU
		{8B9222F9-3E19-42B1-8D61-E7D8ABD0BED6}.Debug|iPhoneSimulator.Deploy.0 = Debug|Any CPU
		{8B9222F9-3E19-42B1-8D61-E7D8ABD0BED6}.Debug|x64.ActiveCfg = Debug|Any CPU
		{8B9222F9-3E19-42B1-8D61-E7D8ABD0BED6}.Debug|x64.Build.0 = Debug|Any CPU
		{8B9222F9-3E19-42B1-8D61-E7D8ABD0BED6}.Debug|x64.Deploy.0 = Debug|Any CPU
		{8B9222F9-3E19-42B1-8D61-E7D8ABD0BED6}.Debug|x86.ActiveCfg = Debug|Any CPU
		{8B9222F9-3E19-42B1-8D61-E7D8ABD0BED6}.Debug|x86.Build.0 = Debug|Any CPU
		{8B9222F9-3E19-42B1-8D61-E7D8ABD0BED6}.Debug|x86.Deploy.0 = Debug|Any CPU
		{8B9222F9-3E19-42B1-8D61-E7D8ABD0BED6}.Release|Any CPU.ActiveCfg = Release|Any CPU
		{8B9222F9-3E19-42B1-8D61-E7D8ABD0BED6}.Release|Any CPU.Build.0 = Release|Any CPU
		{8B9222F9-3E19-42B1-8D61-E7D8ABD0BED6}.Release|Any CPU.Deploy.0 = Release|Any CPU
		{8B9222F9-3E19-42B1-8D61-E7D8ABD0BED6}.Release|ARM.ActiveCfg = Release|Any CPU
		{8B9222F9-3E19-42B1-8D61-E7D8ABD0BED6}.Release|ARM.Build.0 = Release|Any CPU
		{8B9222F9-3E19-42B1-8D61-E7D8ABD0BED6}.Release|ARM.Deploy.0 = Release|Any CPU
		{8B9222F9-3E19-42B1-8D61-E7D8ABD0BED6}.Release|iPhone.ActiveCfg = Release|Any CPU
		{8B9222F9-3E19-42B1-8D61-E7D8ABD0BED6}.Release|iPhone.Build.0 = Release|Any CPU
		{8B9222F9-3E19-42B1-8D61-E7D8ABD0BED6}.Release|iPhone.Deploy.0 = Release|Any CPU
		{8B9222F9-3E19-42B1-8D61-E7D8ABD0BED6}.Release|iPhoneSimulator.ActiveCfg = Release|Any CPU
		{8B9222F9-3E19-42B1-8D61-E7D8ABD0BED6}.Release|iPhoneSimulator.Build.0 = Release|Any CPU
		{8B9222F9-3E19-42B1-8D61-E7D8ABD0BED6}.Release|iPhoneSimulator.Deploy.0 = Release|Any CPU
		{8B9222F9-3E19-42B1-8D61-E7D8ABD0BED6}.Release|x64.ActiveCfg = Release|Any CPU
		{8B9222F9-3E19-42B1-8D61-E7D8ABD0BED6}.Release|x64.Build.0 = Release|Any CPU
		{8B9222F9-3E19-42B1-8D61-E7D8ABD0BED6}.Release|x64.Deploy.0 = Release|Any CPU
		{8B9222F9-3E19-42B1-8D61-E7D8ABD0BED6}.Release|x86.ActiveCfg = Release|Any CPU
		{8B9222F9-3E19-42B1-8D61-E7D8ABD0BED6}.Release|x86.Build.0 = Release|Any CPU
		{8B9222F9-3E19-42B1-8D61-E7D8ABD0BED6}.Release|x86.Deploy.0 = Release|Any CPU
		{96759944-5EB2-47A6-9BFC-F91A7CF3AEC1}.Ad-Hoc|Any CPU.ActiveCfg = Release|Any CPU
		{96759944-5EB2-47A6-9BFC-F91A7CF3AEC1}.Ad-Hoc|Any CPU.Build.0 = Release|Any CPU
		{96759944-5EB2-47A6-9BFC-F91A7CF3AEC1}.Ad-Hoc|ARM.ActiveCfg = Release|Any CPU
		{96759944-5EB2-47A6-9BFC-F91A7CF3AEC1}.Ad-Hoc|ARM.Build.0 = Release|Any CPU
		{96759944-5EB2-47A6-9BFC-F91A7CF3AEC1}.Ad-Hoc|iPhone.ActiveCfg = Release|Any CPU
		{96759944-5EB2-47A6-9BFC-F91A7CF3AEC1}.Ad-Hoc|iPhone.Build.0 = Release|Any CPU
		{96759944-5EB2-47A6-9BFC-F91A7CF3AEC1}.Ad-Hoc|iPhoneSimulator.ActiveCfg = Release|Any CPU
		{96759944-5EB2-47A6-9BFC-F91A7CF3AEC1}.Ad-Hoc|iPhoneSimulator.Build.0 = Release|Any CPU
		{96759944-5EB2-47A6-9BFC-F91A7CF3AEC1}.Ad-Hoc|x64.ActiveCfg = Release|Any CPU
		{96759944-5EB2-47A6-9BFC-F91A7CF3AEC1}.Ad-Hoc|x64.Build.0 = Release|Any CPU
		{96759944-5EB2-47A6-9BFC-F91A7CF3AEC1}.Ad-Hoc|x86.ActiveCfg = Release|Any CPU
		{96759944-5EB2-47A6-9BFC-F91A7CF3AEC1}.Ad-Hoc|x86.Build.0 = Release|Any CPU
		{96759944-5EB2-47A6-9BFC-F91A7CF3AEC1}.AppStore|Any CPU.ActiveCfg = Release|Any CPU
		{96759944-5EB2-47A6-9BFC-F91A7CF3AEC1}.AppStore|Any CPU.Build.0 = Release|Any CPU
		{96759944-5EB2-47A6-9BFC-F91A7CF3AEC1}.AppStore|ARM.ActiveCfg = Release|Any CPU
		{96759944-5EB2-47A6-9BFC-F91A7CF3AEC1}.AppStore|ARM.Build.0 = Release|Any CPU
		{96759944-5EB2-47A6-9BFC-F91A7CF3AEC1}.AppStore|iPhone.ActiveCfg = Release|Any CPU
		{96759944-5EB2-47A6-9BFC-F91A7CF3AEC1}.AppStore|iPhone.Build.0 = Release|Any CPU
		{96759944-5EB2-47A6-9BFC-F91A7CF3AEC1}.AppStore|iPhoneSimulator.ActiveCfg = Release|Any CPU
		{96759944-5EB2-47A6-9BFC-F91A7CF3AEC1}.AppStore|iPhoneSimulator.Build.0 = Release|Any CPU
		{96759944-5EB2-47A6-9BFC-F91A7CF3AEC1}.AppStore|x64.ActiveCfg = Release|Any CPU
		{96759944-5EB2-47A6-9BFC-F91A7CF3AEC1}.AppStore|x64.Build.0 = Release|Any CPU
		{96759944-5EB2-47A6-9BFC-F91A7CF3AEC1}.AppStore|x86.ActiveCfg = Release|Any CPU
		{96759944-5EB2-47A6-9BFC-F91A7CF3AEC1}.AppStore|x86.Build.0 = Release|Any CPU
		{96759944-5EB2-47A6-9BFC-F91A7CF3AEC1}.Debug|Any CPU.ActiveCfg = Debug|Any CPU
		{96759944-5EB2-47A6-9BFC-F91A7CF3AEC1}.Debug|Any CPU.Build.0 = Debug|Any CPU
		{96759944-5EB2-47A6-9BFC-F91A7CF3AEC1}.Debug|ARM.ActiveCfg = Debug|Any CPU
		{96759944-5EB2-47A6-9BFC-F91A7CF3AEC1}.Debug|ARM.Build.0 = Debug|Any CPU
		{96759944-5EB2-47A6-9BFC-F91A7CF3AEC1}.Debug|iPhone.ActiveCfg = Debug|Any CPU
		{96759944-5EB2-47A6-9BFC-F91A7CF3AEC1}.Debug|iPhone.Build.0 = Debug|Any CPU
		{96759944-5EB2-47A6-9BFC-F91A7CF3AEC1}.Debug|iPhoneSimulator.ActiveCfg = Debug|Any CPU
		{96759944-5EB2-47A6-9BFC-F91A7CF3AEC1}.Debug|iPhoneSimulator.Build.0 = Debug|Any CPU
		{96759944-5EB2-47A6-9BFC-F91A7CF3AEC1}.Debug|x64.ActiveCfg = Debug|Any CPU
		{96759944-5EB2-47A6-9BFC-F91A7CF3AEC1}.Debug|x64.Build.0 = Debug|Any CPU
		{96759944-5EB2-47A6-9BFC-F91A7CF3AEC1}.Debug|x86.ActiveCfg = Debug|Any CPU
		{96759944-5EB2-47A6-9BFC-F91A7CF3AEC1}.Debug|x86.Build.0 = Debug|Any CPU
		{96759944-5EB2-47A6-9BFC-F91A7CF3AEC1}.Release|Any CPU.ActiveCfg = Release|Any CPU
		{96759944-5EB2-47A6-9BFC-F91A7CF3AEC1}.Release|Any CPU.Build.0 = Release|Any CPU
		{96759944-5EB2-47A6-9BFC-F91A7CF3AEC1}.Release|ARM.ActiveCfg = Release|Any CPU
		{96759944-5EB2-47A6-9BFC-F91A7CF3AEC1}.Release|ARM.Build.0 = Release|Any CPU
		{96759944-5EB2-47A6-9BFC-F91A7CF3AEC1}.Release|iPhone.ActiveCfg = Release|Any CPU
		{96759944-5EB2-47A6-9BFC-F91A7CF3AEC1}.Release|iPhone.Build.0 = Release|Any CPU
		{96759944-5EB2-47A6-9BFC-F91A7CF3AEC1}.Release|iPhoneSimulator.ActiveCfg = Release|Any CPU
		{96759944-5EB2-47A6-9BFC-F91A7CF3AEC1}.Release|iPhoneSimulator.Build.0 = Release|Any CPU
		{96759944-5EB2-47A6-9BFC-F91A7CF3AEC1}.Release|x64.ActiveCfg = Release|Any CPU
		{96759944-5EB2-47A6-9BFC-F91A7CF3AEC1}.Release|x64.Build.0 = Release|Any CPU
		{96759944-5EB2-47A6-9BFC-F91A7CF3AEC1}.Release|x86.ActiveCfg = Release|Any CPU
		{96759944-5EB2-47A6-9BFC-F91A7CF3AEC1}.Release|x86.Build.0 = Release|Any CPU
		{36F56097-455C-402F-B98C-122FAC46C862}.Ad-Hoc|Any CPU.ActiveCfg = Release|x86
		{36F56097-455C-402F-B98C-122FAC46C862}.Ad-Hoc|Any CPU.Build.0 = Release|x86
		{36F56097-455C-402F-B98C-122FAC46C862}.Ad-Hoc|Any CPU.Deploy.0 = Release|x86
		{36F56097-455C-402F-B98C-122FAC46C862}.Ad-Hoc|ARM.ActiveCfg = Release|ARM
		{36F56097-455C-402F-B98C-122FAC46C862}.Ad-Hoc|ARM.Build.0 = Release|ARM
		{36F56097-455C-402F-B98C-122FAC46C862}.Ad-Hoc|ARM.Deploy.0 = Release|ARM
		{36F56097-455C-402F-B98C-122FAC46C862}.Ad-Hoc|iPhone.ActiveCfg = Release|x86
		{36F56097-455C-402F-B98C-122FAC46C862}.Ad-Hoc|iPhone.Build.0 = Release|x86
		{36F56097-455C-402F-B98C-122FAC46C862}.Ad-Hoc|iPhone.Deploy.0 = Release|x86
		{36F56097-455C-402F-B98C-122FAC46C862}.Ad-Hoc|iPhoneSimulator.ActiveCfg = Release|x86
		{36F56097-455C-402F-B98C-122FAC46C862}.Ad-Hoc|iPhoneSimulator.Build.0 = Release|x86
		{36F56097-455C-402F-B98C-122FAC46C862}.Ad-Hoc|iPhoneSimulator.Deploy.0 = Release|x86
		{36F56097-455C-402F-B98C-122FAC46C862}.Ad-Hoc|x64.ActiveCfg = Release|x64
		{36F56097-455C-402F-B98C-122FAC46C862}.Ad-Hoc|x64.Build.0 = Release|x64
		{36F56097-455C-402F-B98C-122FAC46C862}.Ad-Hoc|x64.Deploy.0 = Release|x64
		{36F56097-455C-402F-B98C-122FAC46C862}.Ad-Hoc|x86.ActiveCfg = Release|x86
		{36F56097-455C-402F-B98C-122FAC46C862}.Ad-Hoc|x86.Build.0 = Release|x86
		{36F56097-455C-402F-B98C-122FAC46C862}.Ad-Hoc|x86.Deploy.0 = Release|x86
		{36F56097-455C-402F-B98C-122FAC46C862}.AppStore|Any CPU.ActiveCfg = Release|x86
		{36F56097-455C-402F-B98C-122FAC46C862}.AppStore|Any CPU.Build.0 = Release|x86
		{36F56097-455C-402F-B98C-122FAC46C862}.AppStore|Any CPU.Deploy.0 = Release|x86
		{36F56097-455C-402F-B98C-122FAC46C862}.AppStore|ARM.ActiveCfg = Release|ARM
		{36F56097-455C-402F-B98C-122FAC46C862}.AppStore|ARM.Build.0 = Release|ARM
		{36F56097-455C-402F-B98C-122FAC46C862}.AppStore|ARM.Deploy.0 = Release|ARM
		{36F56097-455C-402F-B98C-122FAC46C862}.AppStore|iPhone.ActiveCfg = Release|x86
		{36F56097-455C-402F-B98C-122FAC46C862}.AppStore|iPhone.Build.0 = Release|x86
		{36F56097-455C-402F-B98C-122FAC46C862}.AppStore|iPhone.Deploy.0 = Release|x86
		{36F56097-455C-402F-B98C-122FAC46C862}.AppStore|iPhoneSimulator.ActiveCfg = Release|x86
		{36F56097-455C-402F-B98C-122FAC46C862}.AppStore|iPhoneSimulator.Build.0 = Release|x86
		{36F56097-455C-402F-B98C-122FAC46C862}.AppStore|iPhoneSimulator.Deploy.0 = Release|x86
		{36F56097-455C-402F-B98C-122FAC46C862}.AppStore|x64.ActiveCfg = Release|x64
		{36F56097-455C-402F-B98C-122FAC46C862}.AppStore|x64.Build.0 = Release|x64
		{36F56097-455C-402F-B98C-122FAC46C862}.AppStore|x64.Deploy.0 = Release|x64
		{36F56097-455C-402F-B98C-122FAC46C862}.AppStore|x86.ActiveCfg = Release|x86
		{36F56097-455C-402F-B98C-122FAC46C862}.AppStore|x86.Build.0 = Release|x86
		{36F56097-455C-402F-B98C-122FAC46C862}.AppStore|x86.Deploy.0 = Release|x86
		{36F56097-455C-402F-B98C-122FAC46C862}.Debug|Any CPU.ActiveCfg = Debug|x86
		{36F56097-455C-402F-B98C-122FAC46C862}.Debug|ARM.ActiveCfg = Debug|ARM
		{36F56097-455C-402F-B98C-122FAC46C862}.Debug|ARM.Build.0 = Debug|ARM
		{36F56097-455C-402F-B98C-122FAC46C862}.Debug|ARM.Deploy.0 = Debug|ARM
		{36F56097-455C-402F-B98C-122FAC46C862}.Debug|iPhone.ActiveCfg = Debug|x86
		{36F56097-455C-402F-B98C-122FAC46C862}.Debug|iPhoneSimulator.ActiveCfg = Debug|x86
		{36F56097-455C-402F-B98C-122FAC46C862}.Debug|x64.ActiveCfg = Debug|x64
		{36F56097-455C-402F-B98C-122FAC46C862}.Debug|x64.Build.0 = Debug|x64
		{36F56097-455C-402F-B98C-122FAC46C862}.Debug|x64.Deploy.0 = Debug|x64
		{36F56097-455C-402F-B98C-122FAC46C862}.Debug|x86.ActiveCfg = Debug|x86
		{36F56097-455C-402F-B98C-122FAC46C862}.Debug|x86.Build.0 = Debug|x86
		{36F56097-455C-402F-B98C-122FAC46C862}.Debug|x86.Deploy.0 = Debug|x86
		{36F56097-455C-402F-B98C-122FAC46C862}.Release|Any CPU.ActiveCfg = Release|x86
		{36F56097-455C-402F-B98C-122FAC46C862}.Release|ARM.ActiveCfg = Release|ARM
		{36F56097-455C-402F-B98C-122FAC46C862}.Release|ARM.Build.0 = Release|ARM
		{36F56097-455C-402F-B98C-122FAC46C862}.Release|ARM.Deploy.0 = Release|ARM
		{36F56097-455C-402F-B98C-122FAC46C862}.Release|iPhone.ActiveCfg = Release|x86
		{36F56097-455C-402F-B98C-122FAC46C862}.Release|iPhoneSimulator.ActiveCfg = Release|x86
		{36F56097-455C-402F-B98C-122FAC46C862}.Release|x64.ActiveCfg = Release|x64
		{36F56097-455C-402F-B98C-122FAC46C862}.Release|x64.Build.0 = Release|x64
		{36F56097-455C-402F-B98C-122FAC46C862}.Release|x64.Deploy.0 = Release|x64
		{36F56097-455C-402F-B98C-122FAC46C862}.Release|x86.ActiveCfg = Release|x86
		{36F56097-455C-402F-B98C-122FAC46C862}.Release|x86.Build.0 = Release|x86
		{36F56097-455C-402F-B98C-122FAC46C862}.Release|x86.Deploy.0 = Release|x86
		{4AA33BF7-B626-4975-99E2-412CC489A9BA}.Ad-Hoc|Any CPU.ActiveCfg = Ad-Hoc|iPhone
		{4AA33BF7-B626-4975-99E2-412CC489A9BA}.Ad-Hoc|ARM.ActiveCfg = Ad-Hoc|iPhone
		{4AA33BF7-B626-4975-99E2-412CC489A9BA}.Ad-Hoc|iPhone.ActiveCfg = Ad-Hoc|iPhone
		{4AA33BF7-B626-4975-99E2-412CC489A9BA}.Ad-Hoc|iPhone.Build.0 = Ad-Hoc|iPhone
		{4AA33BF7-B626-4975-99E2-412CC489A9BA}.Ad-Hoc|iPhoneSimulator.ActiveCfg = Ad-Hoc|iPhoneSimulator
		{4AA33BF7-B626-4975-99E2-412CC489A9BA}.Ad-Hoc|iPhoneSimulator.Build.0 = Ad-Hoc|iPhoneSimulator
		{4AA33BF7-B626-4975-99E2-412CC489A9BA}.Ad-Hoc|x64.ActiveCfg = Ad-Hoc|iPhone
		{4AA33BF7-B626-4975-99E2-412CC489A9BA}.Ad-Hoc|x86.ActiveCfg = Ad-Hoc|iPhone
		{4AA33BF7-B626-4975-99E2-412CC489A9BA}.AppStore|Any CPU.ActiveCfg = AppStore|iPhone
		{4AA33BF7-B626-4975-99E2-412CC489A9BA}.AppStore|ARM.ActiveCfg = AppStore|iPhone
		{4AA33BF7-B626-4975-99E2-412CC489A9BA}.AppStore|iPhone.ActiveCfg = AppStore|iPhone
		{4AA33BF7-B626-4975-99E2-412CC489A9BA}.AppStore|iPhone.Build.0 = AppStore|iPhone
		{4AA33BF7-B626-4975-99E2-412CC489A9BA}.AppStore|iPhoneSimulator.ActiveCfg = AppStore|iPhoneSimulator
		{4AA33BF7-B626-4975-99E2-412CC489A9BA}.AppStore|iPhoneSimulator.Build.0 = AppStore|iPhoneSimulator
		{4AA33BF7-B626-4975-99E2-412CC489A9BA}.AppStore|x64.ActiveCfg = AppStore|iPhone
		{4AA33BF7-B626-4975-99E2-412CC489A9BA}.AppStore|x86.ActiveCfg = AppStore|iPhone
		{4AA33BF7-B626-4975-99E2-412CC489A9BA}.Debug|Any CPU.ActiveCfg = Debug|iPhone
		{4AA33BF7-B626-4975-99E2-412CC489A9BA}.Debug|ARM.ActiveCfg = Debug|iPhone
		{4AA33BF7-B626-4975-99E2-412CC489A9BA}.Debug|iPhone.ActiveCfg = Debug|iPhone
		{4AA33BF7-B626-4975-99E2-412CC489A9BA}.Debug|iPhone.Build.0 = Debug|iPhone
		{4AA33BF7-B626-4975-99E2-412CC489A9BA}.Debug|iPhoneSimulator.ActiveCfg = Debug|iPhoneSimulator
		{4AA33BF7-B626-4975-99E2-412CC489A9BA}.Debug|iPhoneSimulator.Build.0 = Debug|iPhoneSimulator
		{4AA33BF7-B626-4975-99E2-412CC489A9BA}.Debug|x64.ActiveCfg = Debug|iPhone
		{4AA33BF7-B626-4975-99E2-412CC489A9BA}.Debug|x86.ActiveCfg = Debug|iPhone
		{4AA33BF7-B626-4975-99E2-412CC489A9BA}.Release|Any CPU.ActiveCfg = Release|iPhone
		{4AA33BF7-B626-4975-99E2-412CC489A9BA}.Release|ARM.ActiveCfg = Release|iPhone
		{4AA33BF7-B626-4975-99E2-412CC489A9BA}.Release|iPhone.ActiveCfg = Release|iPhone
		{4AA33BF7-B626-4975-99E2-412CC489A9BA}.Release|iPhone.Build.0 = Release|iPhone
		{4AA33BF7-B626-4975-99E2-412CC489A9BA}.Release|iPhoneSimulator.ActiveCfg = Release|iPhoneSimulator
		{4AA33BF7-B626-4975-99E2-412CC489A9BA}.Release|iPhoneSimulator.Build.0 = Release|iPhoneSimulator
		{4AA33BF7-B626-4975-99E2-412CC489A9BA}.Release|x64.ActiveCfg = Release|iPhone
		{4AA33BF7-B626-4975-99E2-412CC489A9BA}.Release|x86.ActiveCfg = Release|iPhone
	EndGlobalSection
	GlobalSection(SolutionProperties) = preSolution
		HideSolutionNode = FALSE
	EndGlobalSection
	GlobalSection(ExtensibilityGlobals) = postSolution
		SolutionGuid = {0A0FAD9E-4C82-409D-B9A2-FB7CBD014EAB}
	EndGlobalSection
EndGlobal
